
Microsoft Visual Studio Solution File, Format Version 12.00
# Visual Studio Version 17
VisualStudioVersion = 17.0.32014.148
MinimumVisualStudioVersion = 10.0.40219.1
Project("{FAE04EC0-301F-11D3-BF4B-00C04F79EFBC}") = "UserProject", "UserProject\UserProject.csproj", "{F30D07A5-4295-4E65-8856-D79EFF9969A2}"
EndProject
Global
	GlobalSection(SolutionConfigurationPlatforms) = preSolution
		Debug|Any CPU = Debug|Any CPU
		Release|Any CPU = Release|Any CPU
	EndGlobalSection
	GlobalSection(ProjectConfigurationPlatforms) = postSolution
		{F30D07A5-4295-4E65-8856-D79EFF9969A2}.Debug|Any CPU.ActiveCfg = Debug|Any CPU
		{F30D07A5-4295-4E65-8856-D79EFF9969A2}.Debug|Any CPU.Build.0 = Debug|Any CPU
		{F30D07A5-4295-4E65-8856-D79EFF9969A2}.Release|Any CPU.ActiveCfg = Release|Any CPU
		{F30D07A5-4295-4E65-8856-D79EFF9969A2}.Release|Any CPU.Build.0 = Release|Any CPU
	EndGlobalSection
	GlobalSection(SolutionProperties) = preSolution
		HideSolutionNode = FALSE
	EndGlobalSection
	GlobalSection(ExtensibilityGlobals) = postSolution
		SolutionGuid = {7A17BE4A-3158-4658-80EC-2F729F85510F}
	EndGlobalSection
EndGlobal
